// !$*UTF8*$!
{
	archiveVersion = 1;
	classes = {
	};
	objectVersion = 56;
	objects = {

/* Begin PBXBuildFile section */
		C59281342B15388E00A8C8E9 /* AppDelegate.swift in Sources */ = {isa = PBXBuildFile; fileRef = C59281332B15388E00A8C8E9 /* AppDelegate.swift */; };
		C59281362B15388E00A8C8E9 /* SceneDelegate.swift in Sources */ = {isa = PBXBuildFile; fileRef = C59281352B15388E00A8C8E9 /* SceneDelegate.swift */; };
		C592813D2B15388F00A8C8E9 /* Assets.xcassets in Resources */ = {isa = PBXBuildFile; fileRef = C592813C2B15388F00A8C8E9 /* Assets.xcassets */; };
		C592814D2B15399C00A8C8E9 /* data.json in Resources */ = {isa = PBXBuildFile; fileRef = C592814C2B15399C00A8C8E9 /* data.json */; };
		C59281532B153A3C00A8C8E9 /* HomePlayerPresenter.swift in Sources */ = {isa = PBXBuildFile; fileRef = C592814E2B153A3C00A8C8E9 /* HomePlayerPresenter.swift */; };
		C59281542B153A3C00A8C8E9 /* HomePlayerRouter.swift in Sources */ = {isa = PBXBuildFile; fileRef = C592814F2B153A3C00A8C8E9 /* HomePlayerRouter.swift */; };
		C59281552B153A3C00A8C8E9 /* HomePlayerViewController.swift in Sources */ = {isa = PBXBuildFile; fileRef = C59281502B153A3C00A8C8E9 /* HomePlayerViewController.swift */; };
		C59281562B153A3C00A8C8E9 /* HomePlayerInteractor.swift in Sources */ = {isa = PBXBuildFile; fileRef = C59281512B153A3C00A8C8E9 /* HomePlayerInteractor.swift */; };
		C59281572B153A3C00A8C8E9 /* HomePlayerModel.swift in Sources */ = {isa = PBXBuildFile; fileRef = C59281522B153A3C00A8C8E9 /* HomePlayerModel.swift */; };
		C592815B2B15407200A8C8E9 /* VideosCollectionViewCell.swift in Sources */ = {isa = PBXBuildFile; fileRef = C592815A2B15407200A8C8E9 /* VideosCollectionViewCell.swift */; };
		C592815F2B15827700A8C8E9 /* LoopedVideoPlayerView.swift in Sources */ = {isa = PBXBuildFile; fileRef = C592815E2B15827700A8C8E9 /* LoopedVideoPlayerView.swift */; };
		C59281622B158A7700A8C8E9 /* HomePlayerWorker.swift in Sources */ = {isa = PBXBuildFile; fileRef = C59281612B158A7700A8C8E9 /* HomePlayerWorker.swift */; };
		C592816A2B16507700A8C8E9 /* UserProfilePresenter.swift in Sources */ = {isa = PBXBuildFile; fileRef = C59281652B16507700A8C8E9 /* UserProfilePresenter.swift */; };
		C592816B2B16507800A8C8E9 /* UserProfileRouter.swift in Sources */ = {isa = PBXBuildFile; fileRef = C59281662B16507700A8C8E9 /* UserProfileRouter.swift */; };
		C592816C2B16507800A8C8E9 /* UserProfileViewController.swift in Sources */ = {isa = PBXBuildFile; fileRef = C59281672B16507700A8C8E9 /* UserProfileViewController.swift */; };
		C592816D2B16507800A8C8E9 /* UserProfileInteractor.swift in Sources */ = {isa = PBXBuildFile; fileRef = C59281682B16507700A8C8E9 /* UserProfileInteractor.swift */; };
		C592816E2B16507800A8C8E9 /* UserProfileModel.swift in Sources */ = {isa = PBXBuildFile; fileRef = C59281692B16507700A8C8E9 /* UserProfileModel.swift */; };
/* End PBXBuildFile section */

/* Begin PBXFileReference section */
		C59281302B15388E00A8C8E9 /* video-player-app.app */ = {isa = PBXFileReference; explicitFileType = wrapper.application; includeInIndex = 0; path = "video-player-app.app"; sourceTree = BUILT_PRODUCTS_DIR; };
		C59281332B15388E00A8C8E9 /* AppDelegate.swift */ = {isa = PBXFileReference; lastKnownFileType = sourcecode.swift; path = AppDelegate.swift; sourceTree = "<group>"; };
		C59281352B15388E00A8C8E9 /* SceneDelegate.swift */ = {isa = PBXFileReference; lastKnownFileType = sourcecode.swift; path = SceneDelegate.swift; sourceTree = "<group>"; };
		C592813C2B15388F00A8C8E9 /* Assets.xcassets */ = {isa = PBXFileReference; lastKnownFileType = folder.assetcatalog; path = Assets.xcassets; sourceTree = "<group>"; };
		C59281412B15388F00A8C8E9 /* Info.plist */ = {isa = PBXFileReference; lastKnownFileType = text.plist.xml; path = Info.plist; sourceTree = "<group>"; };
		C592814C2B15399C00A8C8E9 /* data.json */ = {isa = PBXFileReference; lastKnownFileType = text.json; path = data.json; sourceTree = "<group>"; };
		C592814E2B153A3C00A8C8E9 /* HomePlayerPresenter.swift */ = {isa = PBXFileReference; lastKnownFileType = sourcecode.swift; path = HomePlayerPresenter.swift; sourceTree = "<group>"; };
		C592814F2B153A3C00A8C8E9 /* HomePlayerRouter.swift */ = {isa = PBXFileReference; lastKnownFileType = sourcecode.swift; path = HomePlayerRouter.swift; sourceTree = "<group>"; };
		C59281502B153A3C00A8C8E9 /* HomePlayerViewController.swift */ = {isa = PBXFileReference; lastKnownFileType = sourcecode.swift; path = HomePlayerViewController.swift; sourceTree = "<group>"; };
		C59281512B153A3C00A8C8E9 /* HomePlayerInteractor.swift */ = {isa = PBXFileReference; lastKnownFileType = sourcecode.swift; path = HomePlayerInteractor.swift; sourceTree = "<group>"; };
		C59281522B153A3C00A8C8E9 /* HomePlayerModel.swift */ = {isa = PBXFileReference; lastKnownFileType = sourcecode.swift; path = HomePlayerModel.swift; sourceTree = "<group>"; };
		C592815A2B15407200A8C8E9 /* VideosCollectionViewCell.swift */ = {isa = PBXFileReference; lastKnownFileType = sourcecode.swift; path = VideosCollectionViewCell.swift; sourceTree = "<group>"; };
		C592815E2B15827700A8C8E9 /* LoopedVideoPlayerView.swift */ = {isa = PBXFileReference; lastKnownFileType = sourcecode.swift; path = LoopedVideoPlayerView.swift; sourceTree = "<group>"; };
		C59281612B158A7700A8C8E9 /* HomePlayerWorker.swift */ = {isa = PBXFileReference; lastKnownFileType = sourcecode.swift; path = HomePlayerWorker.swift; sourceTree = "<group>"; };
		C59281652B16507700A8C8E9 /* UserProfilePresenter.swift */ = {isa = PBXFileReference; lastKnownFileType = sourcecode.swift; path = UserProfilePresenter.swift; sourceTree = "<group>"; };
		C59281662B16507700A8C8E9 /* UserProfileRouter.swift */ = {isa = PBXFileReference; lastKnownFileType = sourcecode.swift; path = UserProfileRouter.swift; sourceTree = "<group>"; };
		C59281672B16507700A8C8E9 /* UserProfileViewController.swift */ = {isa = PBXFileReference; lastKnownFileType = sourcecode.swift; path = UserProfileViewController.swift; sourceTree = "<group>"; };
		C59281682B16507700A8C8E9 /* UserProfileInteractor.swift */ = {isa = PBXFileReference; lastKnownFileType = sourcecode.swift; path = UserProfileInteractor.swift; sourceTree = "<group>"; };
		C59281692B16507700A8C8E9 /* UserProfileModel.swift */ = {isa = PBXFileReference; lastKnownFileType = sourcecode.swift; path = UserProfileModel.swift; sourceTree = "<group>"; };
/* End PBXFileReference section */

/* Begin PBXFrameworksBuildPhase section */
		C592812D2B15388E00A8C8E9 /* Frameworks */ = {
			isa = PBXFrameworksBuildPhase;
			buildActionMask = 2147483647;
			files = (
			);
			runOnlyForDeploymentPostprocessing = 0;
		};
/* End PBXFrameworksBuildPhase section */

/* Begin PBXGroup section */
		C59281272B15388E00A8C8E9 = {
			isa = PBXGroup;
			children = (
				C59281322B15388E00A8C8E9 /* video-player-app */,
				C59281312B15388E00A8C8E9 /* Products */,
			);
			sourceTree = "<group>";
		};
		C59281312B15388E00A8C8E9 /* Products */ = {
			isa = PBXGroup;
			children = (
				C59281302B15388E00A8C8E9 /* video-player-app.app */,
			);
			name = Products;
			sourceTree = "<group>";
		};
		C59281322B15388E00A8C8E9 /* video-player-app */ = {
			isa = PBXGroup;
			children = (
				C59281592B15404C00A8C8E9 /* Components */,
				C592814A2B15397D00A8C8E9 /* Data */,
				C59281472B15391000A8C8E9 /* Infrasctructure */,
				C59281482B15391E00A8C8E9 /* Scenes */,
				C592813C2B15388F00A8C8E9 /* Assets.xcassets */,
				C59281412B15388F00A8C8E9 /* Info.plist */,
			);
			path = "video-player-app";
			sourceTree = "<group>";
		};
		C59281472B15391000A8C8E9 /* Infrasctructure */ = {
			isa = PBXGroup;
			children = (
				C59281332B15388E00A8C8E9 /* AppDelegate.swift */,
				C59281352B15388E00A8C8E9 /* SceneDelegate.swift */,
			);
			path = Infrasctructure;
			sourceTree = "<group>";
		};
		C59281482B15391E00A8C8E9 /* Scenes */ = {
			isa = PBXGroup;
			children = (
				C59281642B16505F00A8C8E9 /* UserProfile */,
				C59281492B15393800A8C8E9 /* HomePlayer */,
			);
			path = Scenes;
			sourceTree = "<group>";
		};
		C59281492B15393800A8C8E9 /* HomePlayer */ = {
			isa = PBXGroup;
			children = (
				C592814E2B153A3C00A8C8E9 /* HomePlayerPresenter.swift */,
				C592814F2B153A3C00A8C8E9 /* HomePlayerRouter.swift */,
				C59281502B153A3C00A8C8E9 /* HomePlayerViewController.swift */,
				C59281512B153A3C00A8C8E9 /* HomePlayerInteractor.swift */,
				C59281522B153A3C00A8C8E9 /* HomePlayerModel.swift */,
				C59281612B158A7700A8C8E9 /* HomePlayerWorker.swift */,
			);
			path = HomePlayer;
			sourceTree = "<group>";
		};
		C592814A2B15397D00A8C8E9 /* Data */ = {
			isa = PBXGroup;
			children = (
				C592814C2B15399C00A8C8E9 /* data.json */,
			);
			path = Data;
			sourceTree = "<group>";
		};
		C59281592B15404C00A8C8E9 /* Components */ = {
			isa = PBXGroup;
			children = (
				C59281632B15931A00A8C8E9 /* VideoCollectionViewCell */,
			);
			path = Components;
			sourceTree = "<group>";
		};
		C59281632B15931A00A8C8E9 /* VideoCollectionViewCell */ = {
			isa = PBXGroup;
			children = (
				C592815A2B15407200A8C8E9 /* VideosCollectionViewCell.swift */,
				C592815E2B15827700A8C8E9 /* LoopedVideoPlayerView.swift */,
			);
			path = VideoCollectionViewCell;
			sourceTree = "<group>";
		};
		C59281642B16505F00A8C8E9 /* UserProfile */ = {
			isa = PBXGroup;
			children = (
				C59281652B16507700A8C8E9 /* UserProfilePresenter.swift */,
				C59281662B16507700A8C8E9 /* UserProfileRouter.swift */,
				C59281672B16507700A8C8E9 /* UserProfileViewController.swift */,
				C59281682B16507700A8C8E9 /* UserProfileInteractor.swift */,
				C59281692B16507700A8C8E9 /* UserProfileModel.swift */,
			);
			path = UserProfile;
			sourceTree = "<group>";
		};
/* End PBXGroup section */

/* Begin PBXNativeTarget section */
		C592812F2B15388E00A8C8E9 /* video-player-app */ = {
			isa = PBXNativeTarget;
			buildConfigurationList = C59281442B15388F00A8C8E9 /* Build configuration list for PBXNativeTarget "video-player-app" */;
			buildPhases = (
				C592812C2B15388E00A8C8E9 /* Sources */,
				C592812D2B15388E00A8C8E9 /* Frameworks */,
				C592812E2B15388E00A8C8E9 /* Resources */,
			);
			buildRules = (
			);
			dependencies = (
			);
			name = "video-player-app";
			productName = "video-player-app";
			productReference = C59281302B15388E00A8C8E9 /* video-player-app.app */;
			productType = "com.apple.product-type.application";
		};
/* End PBXNativeTarget section */

/* Begin PBXProject section */
		C59281282B15388E00A8C8E9 /* Project object */ = {
			isa = PBXProject;
			attributes = {
				BuildIndependentTargetsInParallel = 1;
				LastSwiftUpdateCheck = 1420;
				LastUpgradeCheck = 1420;
				TargetAttributes = {
					C592812F2B15388E00A8C8E9 = {
						CreatedOnToolsVersion = 14.2;
					};
				};
			};
			buildConfigurationList = C592812B2B15388E00A8C8E9 /* Build configuration list for PBXProject "video-player-app" */;
			compatibilityVersion = "Xcode 14.0";
			developmentRegion = en;
			hasScannedForEncodings = 0;
			knownRegions = (
				en,
				Base,
			);
			mainGroup = C59281272B15388E00A8C8E9;
			productRefGroup = C59281312B15388E00A8C8E9 /* Products */;
			projectDirPath = "";
			projectRoot = "";
			targets = (
				C592812F2B15388E00A8C8E9 /* video-player-app */,
			);
		};
/* End PBXProject section */

/* Begin PBXResourcesBuildPhase section */
		C592812E2B15388E00A8C8E9 /* Resources */ = {
			isa = PBXResourcesBuildPhase;
			buildActionMask = 2147483647;
			files = (
				C592813D2B15388F00A8C8E9 /* Assets.xcassets in Resources */,
				C592814D2B15399C00A8C8E9 /* data.json in Resources */,
			);
			runOnlyForDeploymentPostprocessing = 0;
		};
/* End PBXResourcesBuildPhase section */

/* Begin PBXSourcesBuildPhase section */
		C592812C2B15388E00A8C8E9 /* Sources */ = {
			isa = PBXSourcesBuildPhase;
			buildActionMask = 2147483647;
			files = (
				C592816A2B16507700A8C8E9 /* UserProfilePresenter.swift in Sources */,
				C592815F2B15827700A8C8E9 /* LoopedVideoPlayerView.swift in Sources */,
				C59281542B153A3C00A8C8E9 /* HomePlayerRouter.swift in Sources */,
				C59281572B153A3C00A8C8E9 /* HomePlayerModel.swift in Sources */,
				C592816E2B16507800A8C8E9 /* UserProfileModel.swift in Sources */,
				C59281622B158A7700A8C8E9 /* HomePlayerWorker.swift in Sources */,
				C592815B2B15407200A8C8E9 /* VideosCollectionViewCell.swift in Sources */,
				C59281342B15388E00A8C8E9 /* AppDelegate.swift in Sources */,
				C592816D2B16507800A8C8E9 /* UserProfileInteractor.swift in Sources */,
				C592816B2B16507800A8C8E9 /* UserProfileRouter.swift in Sources */,
				C592816C2B16507800A8C8E9 /* UserProfileViewController.swift in Sources */,
				C59281562B153A3C00A8C8E9 /* HomePlayerInteractor.swift in Sources */,
				C59281552B153A3C00A8C8E9 /* HomePlayerViewController.swift in Sources */,
				C59281362B15388E00A8C8E9 /* SceneDelegate.swift in Sources */,
				C59281532B153A3C00A8C8E9 /* HomePlayerPresenter.swift in Sources */,
			);
			runOnlyForDeploymentPostprocessing = 0;
		};
/* End PBXSourcesBuildPhase section */

/* Begin XCBuildConfiguration section */
		C59281422B15388F00A8C8E9 /* Debug */ = {
			isa = XCBuildConfiguration;
			buildSettings = {
				ALWAYS_SEARCH_USER_PATHS = NO;
				CLANG_ANALYZER_NONNULL = YES;
				CLANG_ANALYZER_NUMBER_OBJECT_CONVERSION = YES_AGGRESSIVE;
				CLANG_CXX_LANGUAGE_STANDARD = "gnu++20";
				CLANG_ENABLE_MODULES = YES;
				CLANG_ENABLE_OBJC_ARC = YES;
				CLANG_ENABLE_OBJC_WEAK = YES;
				CLANG_WARN_BLOCK_CAPTURE_AUTORELEASING = YES;
				CLANG_WARN_BOOL_CONVERSION = YES;
				CLANG_WARN_COMMA = YES;
				CLANG_WARN_CONSTANT_CONVERSION = YES;
				CLANG_WARN_DEPRECATED_OBJC_IMPLEMENTATIONS = YES;
				CLANG_WARN_DIRECT_OBJC_ISA_USAGE = YES_ERROR;
				CLANG_WARN_DOCUMENTATION_COMMENTS = YES;
				CLANG_WARN_EMPTY_BODY = YES;
				CLANG_WARN_ENUM_CONVERSION = YES;
				CLANG_WARN_INFINITE_RECURSION = YES;
				CLANG_WARN_INT_CONVERSION = YES;
				CLANG_WARN_NON_LITERAL_NULL_CONVERSION = YES;
				CLANG_WARN_OBJC_IMPLICIT_RETAIN_SELF = YES;
				CLANG_WARN_OBJC_LITERAL_CONVERSION = YES;
				CLANG_WARN_OBJC_ROOT_CLASS = YES_ERROR;
				CLANG_WARN_QUOTED_INCLUDE_IN_FRAMEWORK_HEADER = YES;
				CLANG_WARN_RANGE_LOOP_ANALYSIS = YES;
				CLANG_WARN_STRICT_PROTOTYPES = YES;
				CLANG_WARN_SUSPICIOUS_MOVE = YES;
				CLANG_WARN_UNGUARDED_AVAILABILITY = YES_AGGRESSIVE;
				CLANG_WARN_UNREACHABLE_CODE = YES;
				CLANG_WARN__DUPLICATE_METHOD_MATCH = YES;
				COPY_PHASE_STRIP = NO;
				DEBUG_INFORMATION_FORMAT = dwarf;
				ENABLE_STRICT_OBJC_MSGSEND = YES;
				ENABLE_TESTABILITY = YES;
				GCC_C_LANGUAGE_STANDARD = gnu11;
				GCC_DYNAMIC_NO_PIC = NO;
				GCC_NO_COMMON_BLOCKS = YES;
				GCC_OPTIMIZATION_LEVEL = 0;
				GCC_PREPROCESSOR_DEFINITIONS = (
					"DEBUG=1",
					"$(inherited)",
				);
				GCC_WARN_64_TO_32_BIT_CONVERSION = YES;
				GCC_WARN_ABOUT_RETURN_TYPE = YES_ERROR;
				GCC_WARN_UNDECLARED_SELECTOR = YES;
				GCC_WARN_UNINITIALIZED_AUTOS = YES_AGGRESSIVE;
				GCC_WARN_UNUSED_FUNCTION = YES;
				GCC_WARN_UNUSED_VARIABLE = YES;
				IPHONEOS_DEPLOYMENT_TARGET = 16.2;
				MTL_ENABLE_DEBUG_INFO = INCLUDE_SOURCE;
				MTL_FAST_MATH = YES;
				ONLY_ACTIVE_ARCH = YES;
				SDKROOT = iphoneos;
				SWIFT_ACTIVE_COMPILATION_CONDITIONS = DEBUG;
				SWIFT_OPTIMIZATION_LEVEL = "-Onone";
			};
			name = Debug;
		};
		C59281432B15388F00A8C8E9 /* Release */ = {
			isa = XCBuildConfiguration;
			buildSettings = {
				ALWAYS_SEARCH_USER_PATHS = NO;
				CLANG_ANALYZER_NONNULL = YES;
				CLANG_ANALYZER_NUMBER_OBJECT_CONVERSION = YES_AGGRESSIVE;
				CLANG_CXX_LANGUAGE_STANDARD = "gnu++20";
				CLANG_ENABLE_MODULES = YES;
				CLANG_ENABLE_OBJC_ARC = YES;
				CLANG_ENABLE_OBJC_WEAK = YES;
				CLANG_WARN_BLOCK_CAPTURE_AUTORELEASING = YES;
				CLANG_WARN_BOOL_CONVERSION = YES;
				CLANG_WARN_COMMA = YES;
				CLANG_WARN_CONSTANT_CONVERSION = YES;
				CLANG_WARN_DEPRECATED_OBJC_IMPLEMENTATIONS = YES;
				CLANG_WARN_DIRECT_OBJC_ISA_USAGE = YES_ERROR;
				CLANG_WARN_DOCUMENTATION_COMMENTS = YES;
				CLANG_WARN_EMPTY_BODY = YES;
				CLANG_WARN_ENUM_CONVERSION = YES;
				CLANG_WARN_INFINITE_RECURSION = YES;
				CLANG_WARN_INT_CONVERSION = YES;
				CLANG_WARN_NON_LITERAL_NULL_CONVERSION = YES;
				CLANG_WARN_OBJC_IMPLICIT_RETAIN_SELF = YES;
				CLANG_WARN_OBJC_LITERAL_CONVERSION = YES;
				CLANG_WARN_OBJC_ROOT_CLASS = YES_ERROR;
				CLANG_WARN_QUOTED_INCLUDE_IN_FRAMEWORK_HEADER = YES;
				CLANG_WARN_RANGE_LOOP_ANALYSIS = YES;
				CLANG_WARN_STRICT_PROTOTYPES = YES;
				CLANG_WARN_SUSPICIOUS_MOVE = YES;
				CLANG_WARN_UNGUARDED_AVAILABILITY = YES_AGGRESSIVE;
				CLANG_WARN_UNREACHABLE_CODE = YES;
				CLANG_WARN__DUPLICATE_METHOD_MATCH = YES;
				COPY_PHASE_STRIP = NO;
				DEBUG_INFORMATION_FORMAT = "dwarf-with-dsym";
				ENABLE_NS_ASSERTIONS = NO;
				ENABLE_STRICT_OBJC_MSGSEND = YES;
				GCC_C_LANGUAGE_STANDARD = gnu11;
				GCC_NO_COMMON_BLOCKS = YES;
				GCC_WARN_64_TO_32_BIT_CONVERSION = YES;
				GCC_WARN_ABOUT_RETURN_TYPE = YES_ERROR;
				GCC_WARN_UNDECLARED_SELECTOR = YES;
				GCC_WARN_UNINITIALIZED_AUTOS = YES_AGGRESSIVE;
				GCC_WARN_UNUSED_FUNCTION = YES;
				GCC_WARN_UNUSED_VARIABLE = YES;
				IPHONEOS_DEPLOYMENT_TARGET = 16.2;
				MTL_ENABLE_DEBUG_INFO = NO;
				MTL_FAST_MATH = YES;
				SDKROOT = iphoneos;
				SWIFT_COMPILATION_MODE = wholemodule;
				SWIFT_OPTIMIZATION_LEVEL = "-O";
				VALIDATE_PRODUCT = YES;
			};
			name = Release;
		};
		C59281452B15388F00A8C8E9 /* Debug */ = {
			isa = XCBuildConfiguration;
			buildSettings = {
				ASSETCATALOG_COMPILER_APPICON_NAME = AppIcon;
				ASSETCATALOG_COMPILER_GLOBAL_ACCENT_COLOR_NAME = AccentColor;
				CODE_SIGN_STYLE = Automatic;
				CURRENT_PROJECT_VERSION = 1;
				DEVELOPMENT_TEAM = 5QYSPM6K5Z;
				GENERATE_INFOPLIST_FILE = YES;
				INFOPLIST_FILE = "video-player-app/Info.plist";
				INFOPLIST_KEY_UIApplicationSupportsIndirectInputEvents = YES;
				INFOPLIST_KEY_UILaunchStoryboardName = LaunchScreen;
				INFOPLIST_KEY_UIMainStoryboardFile = Main;
				INFOPLIST_KEY_UISupportedInterfaceOrientations_iPad = "UIInterfaceOrientationPortrait UIInterfaceOrientationPortraitUpsideDown UIInterfaceOrientationLandscapeLeft UIInterfaceOrientationLandscapeRight";
				INFOPLIST_KEY_UISupportedInterfaceOrientations_iPhone = "UIInterfaceOrientationPortrait UIInterfaceOrientationLandscapeLeft UIInterfaceOrientationLandscapeRight";
				LD_RUNPATH_SEARCH_PATHS = (
					"$(inherited)",
					"@executable_path/Frameworks",
				);
				MARKETING_VERSION = 1.0;
				PRODUCT_BUNDLE_IDENTIFIER = "tiktokApp.video-player-app";
				PRODUCT_NAME = "$(TARGET_NAME)";
				SWIFT_EMIT_LOC_STRINGS = YES;
				SWIFT_VERSION = 5.0;
				TARGETED_DEVICE_FAMILY = "1,2";
			};
			name = Debug;
		};
		C59281462B15388F00A8C8E9 /* Release */ = {
			isa = XCBuildConfiguration;
			buildSettings = {
				ASSETCATALOG_COMPILER_APPICON_NAME = AppIcon;
				ASSETCATALOG_COMPILER_GLOBAL_ACCENT_COLOR_NAME = AccentColor;
				CODE_SIGN_STYLE = Automatic;
				CURRENT_PROJECT_VERSION = 1;
				DEVELOPMENT_TEAM = 5QYSPM6K5Z;
				GENERATE_INFOPLIST_FILE = YES;
				INFOPLIST_FILE = "video-player-app/Info.plist";
				INFOPLIST_KEY_UIApplicationSupportsIndirectInputEvents = YES;
				INFOPLIST_KEY_UILaunchStoryboardName = LaunchScreen;
				INFOPLIST_KEY_UIMainStoryboardFile = Main;
				INFOPLIST_KEY_UISupportedInterfaceOrientations_iPad = "UIInterfaceOrientationPortrait UIInterfaceOrientationPortraitUpsideDown UIInterfaceOrientationLandscapeLeft UIInterfaceOrientationLandscapeRight";
				INFOPLIST_KEY_UISupportedInterfaceOrientations_iPhone = "UIInterfaceOrientationPortrait UIInterfaceOrientationLandscapeLeft UIInterfaceOrientationLandscapeRight";
				LD_RUNPATH_SEARCH_PATHS = (
					"$(inherited)",
					"@executable_path/Frameworks",
				);
				MARKETING_VERSION = 1.0;
				PRODUCT_BUNDLE_IDENTIFIER = "tiktokApp.video-player-app";
				PRODUCT_NAME = "$(TARGET_NAME)";
				SWIFT_EMIT_LOC_STRINGS = YES;
				SWIFT_VERSION = 5.0;
				TARGETED_DEVICE_FAMILY = "1,2";
			};
			name = Release;
		};
/* End XCBuildConfiguration section */

/* Begin XCConfigurationList section */
		C592812B2B15388E00A8C8E9 /* Build configuration list for PBXProject "video-player-app" */ = {
			isa = XCConfigurationList;
			buildConfigurations = (
				C59281422B15388F00A8C8E9 /* Debug */,
				C59281432B15388F00A8C8E9 /* Release */,
			);
			defaultConfigurationIsVisible = 0;
			defaultConfigurationName = Release;
		};
		C59281442B15388F00A8C8E9 /* Build configuration list for PBXNativeTarget "video-player-app" */ = {
			isa = XCConfigurationList;
			buildConfigurations = (
				C59281452B15388F00A8C8E9 /* Debug */,
				C59281462B15388F00A8C8E9 /* Release */,
			);
			defaultConfigurationIsVisible = 0;
			defaultConfigurationName = Release;
		};
/* End XCConfigurationList section */
	};
	rootObject = C59281282B15388E00A8C8E9 /* Project object */;
}
